
Microsoft Visual Studio Solution File, Format Version 12.00
# Visual Studio Version 16
VisualStudioVersion = 16.0.32106.194
MinimumVisualStudioVersion = 10.0.40219.1
Project("{FAE04EC0-301F-11D3-BF4B-00C04F79EFBC}") = "Arc 4", "Arc 4.csproj", "{2D510835-9627-4C1B-94D4-5C3AB8E8941E}"
EndProject
Global
	GlobalSection(SolutionConfigurationPlatforms) = preSolution
		Esb|Any CPU = Esb|Any CPU
	EndGlobalSection
	GlobalSection(ProjectConfigurationPlatforms) = postSolution
		{2D510835-9627-4C1B-94D4-5C3AB8E8941E}.Esb|Any CPU.ActiveCfg = Esb|Any CPU
		{2D510835-9627-4C1B-94D4-5C3AB8E8941E}.Esb|Any CPU.Build.0 = Esb|Any CPU
	EndGlobalSection
	GlobalSection(SolutionProperties) = preSolution
		HideSolutionNode = FALSE
	EndGlobalSection
	GlobalSection(ExtensibilityGlobals) = postSolution
		SolutionGuid = {8FFDB6AD-8589-4B98-8D67-FD31FD09D38F}
	EndGlobalSection
EndGlobal
